// !$*UTF8*$!
{
	archiveVersion = 1;
	classes = {
	};
	objectVersion = 55;
	objects = {

/* Begin PBXBuildFile section */
		2E5225BE27516E6B00C72F45 /* EssentialFeediOS.framework in Frameworks */ = {isa = PBXBuildFile; fileRef = 2E5225B627516E6B00C72F45 /* EssentialFeediOS.framework */; };
		2E5225CC2751732400C72F45 /* FeedUIIntegrationTests.swift in Sources */ = {isa = PBXBuildFile; fileRef = 2E5225CB2751732400C72F45 /* FeedUIIntegrationTests.swift */; };
		2E5225CE2751762C00C72F45 /* EssentialFeed.framework in Frameworks */ = {isa = PBXBuildFile; fileRef = 2EE339C2273BA70700B2C75E /* EssentialFeed.framework */; };
		2E5225CF2751762C00C72F45 /* EssentialFeed.framework in Embed Frameworks */ = {isa = PBXBuildFile; fileRef = 2EE339C2273BA70700B2C75E /* EssentialFeed.framework */; settings = {ATTRIBUTES = (CodeSignOnCopy, RemoveHeadersOnCopy, ); }; };
		2E5225D32754627B00C72F45 /* XCTestCase+MemoryLeakTracking.swift in Sources */ = {isa = PBXBuildFile; fileRef = 2EE339E0273BA7C100B2C75E /* XCTestCase+MemoryLeakTracking.swift */; };
		2E5225D5275470CC00C72F45 /* FeedViewController.swift in Sources */ = {isa = PBXBuildFile; fileRef = 2E5225D4275470CC00C72F45 /* FeedViewController.swift */; };
		2E5225D727547A1700C72F45 /* FeedImageCell.swift in Sources */ = {isa = PBXBuildFile; fileRef = 2E5225D627547A1700C72F45 /* FeedImageCell.swift */; };
		2E5225D92754ACAD00C72F45 /* UIView+Shimmering.swift in Sources */ = {isa = PBXBuildFile; fileRef = 2E5225D82754ACAD00C72F45 /* UIView+Shimmering.swift */; };
		2E5225DC2754B25000C72F45 /* UIImage+TestHelpers.swift in Sources */ = {isa = PBXBuildFile; fileRef = 2E5225DB2754B25000C72F45 /* UIImage+TestHelpers.swift */; };
		2E5225DE2754B2A200C72F45 /* UIRefreshControl+TestHelpers.swift in Sources */ = {isa = PBXBuildFile; fileRef = 2E5225DD2754B2A200C72F45 /* UIRefreshControl+TestHelpers.swift */; };
		2E5225E02754B31F00C72F45 /* UIButton+TestHelpers.swift in Sources */ = {isa = PBXBuildFile; fileRef = 2E5225DF2754B31F00C72F45 /* UIButton+TestHelpers.swift */; };
		2E5225E22754B38400C72F45 /* UIControl+TestHelpers.swift in Sources */ = {isa = PBXBuildFile; fileRef = 2E5225E12754B38400C72F45 /* UIControl+TestHelpers.swift */; };
		2E5225EA2754B5C000C72F45 /* FeedViewController+TestHelpers.swift in Sources */ = {isa = PBXBuildFile; fileRef = 2E5225E92754B5C000C72F45 /* FeedViewController+TestHelpers.swift */; };
		2E5225EC2754B86200C72F45 /* FeedImageCell+TestHelpers.swift in Sources */ = {isa = PBXBuildFile; fileRef = 2E5225EB2754B86200C72F45 /* FeedImageCell+TestHelpers.swift */; };
		2E5225EE2754B8AF00C72F45 /* FeedViewControllerTests+LoaderSpy.swift in Sources */ = {isa = PBXBuildFile; fileRef = 2E5225ED2754B8AF00C72F45 /* FeedViewControllerTests+LoaderSpy.swift */; };
		2E5225F02754B92F00C72F45 /* FeedViewControllerTests+Assertions.swift in Sources */ = {isa = PBXBuildFile; fileRef = 2E5225EF2754B92F00C72F45 /* FeedViewControllerTests+Assertions.swift */; };
		2E5225F22754BA3400C72F45 /* FeedImageDataLoader.swift in Sources */ = {isa = PBXBuildFile; fileRef = 2E5225F12754BA3400C72F45 /* FeedImageDataLoader.swift */; };
		2E5225F62754C7B100C72F45 /* FeedImageCellController.swift in Sources */ = {isa = PBXBuildFile; fileRef = 2E5225F52754C7B100C72F45 /* FeedImageCellController.swift */; };
		2E5225F92754D75000C72F45 /* FeedUIComposer.swift in Sources */ = {isa = PBXBuildFile; fileRef = 2E5225F82754D75000C72F45 /* FeedUIComposer.swift */; };
		2E5225FE2754DB4D00C72F45 /* FeedImageViewModel.swift in Sources */ = {isa = PBXBuildFile; fileRef = 2E5225FD2754DB4D00C72F45 /* FeedImageViewModel.swift */; };
		2E5226012754DE4A00C72F45 /* FeedPresenter.swift in Sources */ = {isa = PBXBuildFile; fileRef = 2E5226002754DE4A00C72F45 /* FeedPresenter.swift */; };
		2E522603275563BE00C72F45 /* FeedImagePresenter.swift in Sources */ = {isa = PBXBuildFile; fileRef = 2E522602275563BE00C72F45 /* FeedImagePresenter.swift */; };
		2E522605275565A300C72F45 /* FeedLoadingViewModel.swift in Sources */ = {isa = PBXBuildFile; fileRef = 2E522604275565A300C72F45 /* FeedLoadingViewModel.swift */; };
		2E522607275565C900C72F45 /* FeedViewModel.swift in Sources */ = {isa = PBXBuildFile; fileRef = 2E522606275565C900C72F45 /* FeedViewModel.swift */; };
		2E52260B27556EB800C72F45 /* Feed.xcassets in Resources */ = {isa = PBXBuildFile; fileRef = 2E52260A27556EB800C72F45 /* Feed.xcassets */; };
		2E52260D27561ED900C72F45 /* Feed.storyboard in Resources */ = {isa = PBXBuildFile; fileRef = 2E52260C27561ED900C72F45 /* Feed.storyboard */; };
		2E52260F2757455F00C72F45 /* UITableView+Dequeueing.swift in Sources */ = {isa = PBXBuildFile; fileRef = 2E52260E2757455F00C72F45 /* UITableView+Dequeueing.swift */; };
		2E522611275747D400C72F45 /* UIImageView+Animations.swift in Sources */ = {isa = PBXBuildFile; fileRef = 2E522610275747D400C72F45 /* UIImageView+Animations.swift */; };
		2E52261527574B1F00C72F45 /* FeedViewControllerTests+Localization.swift in Sources */ = {isa = PBXBuildFile; fileRef = 2E52261427574B1F00C72F45 /* FeedViewControllerTests+Localization.swift */; };
		2E52261627574F5C00C72F45 /* Feed.strings in Resources */ = {isa = PBXBuildFile; fileRef = 2E52261827574F5C00C72F45 /* Feed.strings */; };
		2ECEFC57274CE87500A2EFA4 /* FeedStoreSpecs.swift in Sources */ = {isa = PBXBuildFile; fileRef = 2ECEFC56274CE87500A2EFA4 /* FeedStoreSpecs.swift */; };
		2ECEFC59274CE91300A2EFA4 /* XCTestCase+FeedStoreSpecs.swift in Sources */ = {isa = PBXBuildFile; fileRef = 2ECEFC58274CE91300A2EFA4 /* XCTestCase+FeedStoreSpecs.swift */; };
		2ECEFC5B274CEC0D00A2EFA4 /* XCTestCase+FailableRetrieveFeedStoreSpecs.swift in Sources */ = {isa = PBXBuildFile; fileRef = 2ECEFC5A274CEC0D00A2EFA4 /* XCTestCase+FailableRetrieveFeedStoreSpecs.swift */; };
		2ECEFC5D274CECCC00A2EFA4 /* XCTestCase+FailableInsertFeedStoreSpecs.swift in Sources */ = {isa = PBXBuildFile; fileRef = 2ECEFC5C274CECCC00A2EFA4 /* XCTestCase+FailableInsertFeedStoreSpecs.swift */; };
		2ECEFC5F274CED7D00A2EFA4 /* XCTestCase+FailableDeleteFeedStoreSpecs.swift in Sources */ = {isa = PBXBuildFile; fileRef = 2ECEFC5E274CED7D00A2EFA4 /* XCTestCase+FailableDeleteFeedStoreSpecs.swift */; };
		2ECEFC62274CEFB400A2EFA4 /* CoreDataFeedStoreTests.swift in Sources */ = {isa = PBXBuildFile; fileRef = 2ECEFC61274CEFB400A2EFA4 /* CoreDataFeedStoreTests.swift */; };
		2ECEFC64274CF00800A2EFA4 /* CoreDataFeedStore.swift in Sources */ = {isa = PBXBuildFile; fileRef = 2ECEFC63274CF00800A2EFA4 /* CoreDataFeedStore.swift */; };
		2ECEFC67274CF3AD00A2EFA4 /* FeedStore.xcdatamodeld in Sources */ = {isa = PBXBuildFile; fileRef = 2ECEFC65274CF3AD00A2EFA4 /* FeedStore.xcdatamodeld */; };
		2ECEFC6C274DBE3000A2EFA4 /* CoreDataHelpers.swift in Sources */ = {isa = PBXBuildFile; fileRef = 2ECEFC6B274DBE3000A2EFA4 /* CoreDataHelpers.swift */; };
		2ECEFC6E274DC07600A2EFA4 /* ManagedCache.swift in Sources */ = {isa = PBXBuildFile; fileRef = 2ECEFC6D274DC07600A2EFA4 /* ManagedCache.swift */; };
		2ECEFC70274DC0A000A2EFA4 /* ManagedFeedImage.swift in Sources */ = {isa = PBXBuildFile; fileRef = 2ECEFC6F274DC0A000A2EFA4 /* ManagedFeedImage.swift */; };
		2ECEFC78274DC2A000A2EFA4 /* EssentialFeedCacheIntegrationTests.swift in Sources */ = {isa = PBXBuildFile; fileRef = 2ECEFC77274DC2A000A2EFA4 /* EssentialFeedCacheIntegrationTests.swift */; };
		2ECEFC79274DC2A000A2EFA4 /* EssentialFeed.framework in Frameworks */ = {isa = PBXBuildFile; fileRef = 2EE339C2273BA70700B2C75E /* EssentialFeed.framework */; };
		2ECEFC85274DC85900A2EFA4 /* XCTestCase+MemoryLeakTracking.swift in Sources */ = {isa = PBXBuildFile; fileRef = 2EE339E0273BA7C100B2C75E /* XCTestCase+MemoryLeakTracking.swift */; };
		2ECEFC86274DC87E00A2EFA4 /* FeedCacheTestHelpers.swift in Sources */ = {isa = PBXBuildFile; fileRef = 2EE33A182747AB1500B2C75E /* FeedCacheTestHelpers.swift */; };
		2ECEFC87274DCA0B00A2EFA4 /* SharedTestHelpers.swift in Sources */ = {isa = PBXBuildFile; fileRef = 2EE33A1A2747AC4200B2C75E /* SharedTestHelpers.swift */; };
		2EE339CB273BA70700B2C75E /* EssentialFeed.framework in Frameworks */ = {isa = PBXBuildFile; fileRef = 2EE339C2273BA70700B2C75E /* EssentialFeed.framework */; };
		2EE339D1273BA70700B2C75E /* EssentialFeed.h in Headers */ = {isa = PBXBuildFile; fileRef = 2EE339C5273BA70700B2C75E /* EssentialFeed.h */; settings = {ATTRIBUTES = (Public, ); }; };
		2EE339DD273BA7AC00B2C75E /* URLSessionHTTPClientTests.swift in Sources */ = {isa = PBXBuildFile; fileRef = 2EE339DB273BA7AC00B2C75E /* URLSessionHTTPClientTests.swift */; };
		2EE339DE273BA7AC00B2C75E /* RemoteFeedLoaderTests.swift in Sources */ = {isa = PBXBuildFile; fileRef = 2EE339DC273BA7AC00B2C75E /* RemoteFeedLoaderTests.swift */; };
		2EE339E1273BA7C100B2C75E /* XCTestCase+MemoryLeakTracking.swift in Sources */ = {isa = PBXBuildFile; fileRef = 2EE339E0273BA7C100B2C75E /* XCTestCase+MemoryLeakTracking.swift */; };
		2EE339E7273BA7DD00B2C75E /* URLSessionHTTPClient.swift in Sources */ = {isa = PBXBuildFile; fileRef = 2EE339E3273BA7DD00B2C75E /* URLSessionHTTPClient.swift */; };
		2EE339E8273BA7DD00B2C75E /* FeedItemsMapper.swift in Sources */ = {isa = PBXBuildFile; fileRef = 2EE339E4273BA7DD00B2C75E /* FeedItemsMapper.swift */; };
		2EE339E9273BA7DD00B2C75E /* HTTPClient.swift in Sources */ = {isa = PBXBuildFile; fileRef = 2EE339E5273BA7DD00B2C75E /* HTTPClient.swift */; };
		2EE339EA273BA7DD00B2C75E /* RemoteFeedLoader.swift in Sources */ = {isa = PBXBuildFile; fileRef = 2EE339E6273BA7DD00B2C75E /* RemoteFeedLoader.swift */; };
		2EE339EE273BA7E800B2C75E /* FeedLoader.swift in Sources */ = {isa = PBXBuildFile; fileRef = 2EE339EC273BA7E800B2C75E /* FeedLoader.swift */; };
		2EE339EF273BA7E800B2C75E /* FeedItem.swift in Sources */ = {isa = PBXBuildFile; fileRef = 2EE339ED273BA7E800B2C75E /* FeedItem.swift */; };
		2EE339F8273BA80A00B2C75E /* EssentialFeed.framework in Frameworks */ = {isa = PBXBuildFile; fileRef = 2EE339C2273BA70700B2C75E /* EssentialFeed.framework */; };
		2EE339FF273BA83000B2C75E /* EssentialFeedAPIEndToEndTests.swift in Sources */ = {isa = PBXBuildFile; fileRef = 2EE339FE273BA83000B2C75E /* EssentialFeedAPIEndToEndTests.swift */; };
		2EE33A00273BA90600B2C75E /* XCTestCase+MemoryLeakTracking.swift in Sources */ = {isa = PBXBuildFile; fileRef = 2EE339E0273BA7C100B2C75E /* XCTestCase+MemoryLeakTracking.swift */; };
		2EE33A072745C16100B2C75E /* CacheFeedUseCaseTests.swift in Sources */ = {isa = PBXBuildFile; fileRef = 2EE33A062745C16000B2C75E /* CacheFeedUseCaseTests.swift */; };
		2EE33A0A2746529200B2C75E /* LocalFeedLoader.swift in Sources */ = {isa = PBXBuildFile; fileRef = 2EE33A092746529200B2C75E /* LocalFeedLoader.swift */; };
		2EE33A0C2746533200B2C75E /* FeedStore.swift in Sources */ = {isa = PBXBuildFile; fileRef = 2EE33A0B2746533200B2C75E /* FeedStore.swift */; };
		2EE33A0E2746FB8E00B2C75E /* RemoteFeedItem.swift in Sources */ = {isa = PBXBuildFile; fileRef = 2EE33A0D2746FB8E00B2C75E /* RemoteFeedItem.swift */; };
		2EE33A102746FC1300B2C75E /* LocalFeedImage.swift in Sources */ = {isa = PBXBuildFile; fileRef = 2EE33A0F2746FC1300B2C75E /* LocalFeedImage.swift */; };
		2EE33A12274763BF00B2C75E /* LoadFeedFromCacheUseCaseTests.swift in Sources */ = {isa = PBXBuildFile; fileRef = 2EE33A11274763BF00B2C75E /* LoadFeedFromCacheUseCaseTests.swift */; };
		2EE33A15274765A400B2C75E /* FeedStoreSpy.swift in Sources */ = {isa = PBXBuildFile; fileRef = 2EE33A14274765A400B2C75E /* FeedStoreSpy.swift */; };
		2EE33A1727479D3000B2C75E /* ValidateFeedCacheUseCaseTests.swift in Sources */ = {isa = PBXBuildFile; fileRef = 2EE33A1627479D3000B2C75E /* ValidateFeedCacheUseCaseTests.swift */; };
		2EE33A192747AB1500B2C75E /* FeedCacheTestHelpers.swift in Sources */ = {isa = PBXBuildFile; fileRef = 2EE33A182747AB1500B2C75E /* FeedCacheTestHelpers.swift */; };
		2EE33A1B2747AC4200B2C75E /* SharedTestHelpers.swift in Sources */ = {isa = PBXBuildFile; fileRef = 2EE33A1A2747AC4200B2C75E /* SharedTestHelpers.swift */; };
		2EE33A1D27482ED100B2C75E /* FeedCachePolicy.swift in Sources */ = {isa = PBXBuildFile; fileRef = 2EE33A1C27482ED100B2C75E /* FeedCachePolicy.swift */; };
/* End PBXBuildFile section */

/* Begin PBXContainerItemProxy section */
		2E5225BF27516E6B00C72F45 /* PBXContainerItemProxy */ = {
			isa = PBXContainerItemProxy;
			containerPortal = 2EE339B9273BA70700B2C75E /* Project object */;
			proxyType = 1;
			remoteGlobalIDString = 2E5225B527516E6B00C72F45;
			remoteInfo = EssentialFeediOS;
		};
		2E5225D02751762C00C72F45 /* PBXContainerItemProxy */ = {
			isa = PBXContainerItemProxy;
			containerPortal = 2EE339B9273BA70700B2C75E /* Project object */;
			proxyType = 1;
			remoteGlobalIDString = 2EE339C1273BA70700B2C75E;
			remoteInfo = EssentialFeed;
		};
		2ECEFC7A274DC2A000A2EFA4 /* PBXContainerItemProxy */ = {
			isa = PBXContainerItemProxy;
			containerPortal = 2EE339B9273BA70700B2C75E /* Project object */;
			proxyType = 1;
			remoteGlobalIDString = 2EE339C1273BA70700B2C75E;
			remoteInfo = EssentialFeed;
		};
		2EE339CC273BA70700B2C75E /* PBXContainerItemProxy */ = {
			isa = PBXContainerItemProxy;
			containerPortal = 2EE339B9273BA70700B2C75E /* Project object */;
			proxyType = 1;
			remoteGlobalIDString = 2EE339C1273BA70700B2C75E;
			remoteInfo = EssentialFeed;
		};
		2EE339F9273BA80A00B2C75E /* PBXContainerItemProxy */ = {
			isa = PBXContainerItemProxy;
			containerPortal = 2EE339B9273BA70700B2C75E /* Project object */;
			proxyType = 1;
			remoteGlobalIDString = 2EE339C1273BA70700B2C75E;
			remoteInfo = EssentialFeed;
		};
/* End PBXContainerItemProxy section */

/* Begin PBXCopyFilesBuildPhase section */
		2E5225D22751762C00C72F45 /* Embed Frameworks */ = {
			isa = PBXCopyFilesBuildPhase;
			buildActionMask = 2147483647;
			dstPath = "";
			dstSubfolderSpec = 10;
			files = (
				2E5225CF2751762C00C72F45 /* EssentialFeed.framework in Embed Frameworks */,
			);
			name = "Embed Frameworks";
			runOnlyForDeploymentPostprocessing = 0;
		};
/* End PBXCopyFilesBuildPhase section */

/* Begin PBXFileReference section */
		2E5225B627516E6B00C72F45 /* EssentialFeediOS.framework */ = {isa = PBXFileReference; explicitFileType = wrapper.framework; includeInIndex = 0; path = EssentialFeediOS.framework; sourceTree = BUILT_PRODUCTS_DIR; };
		2E5225BD27516E6B00C72F45 /* EssentialFeediOSTests.xctest */ = {isa = PBXFileReference; explicitFileType = wrapper.cfbundle; includeInIndex = 0; path = EssentialFeediOSTests.xctest; sourceTree = BUILT_PRODUCTS_DIR; };
		2E5225CB2751732400C72F45 /* FeedUIIntegrationTests.swift */ = {isa = PBXFileReference; lastKnownFileType = sourcecode.swift; path = FeedUIIntegrationTests.swift; sourceTree = "<group>"; };
		2E5225D4275470CC00C72F45 /* FeedViewController.swift */ = {isa = PBXFileReference; lastKnownFileType = sourcecode.swift; path = FeedViewController.swift; sourceTree = "<group>"; };
		2E5225D627547A1700C72F45 /* FeedImageCell.swift */ = {isa = PBXFileReference; lastKnownFileType = sourcecode.swift; path = FeedImageCell.swift; sourceTree = "<group>"; };
		2E5225D82754ACAD00C72F45 /* UIView+Shimmering.swift */ = {isa = PBXFileReference; lastKnownFileType = sourcecode.swift; path = "UIView+Shimmering.swift"; sourceTree = "<group>"; };
		2E5225DB2754B25000C72F45 /* UIImage+TestHelpers.swift */ = {isa = PBXFileReference; lastKnownFileType = sourcecode.swift; path = "UIImage+TestHelpers.swift"; sourceTree = "<group>"; };
		2E5225DD2754B2A200C72F45 /* UIRefreshControl+TestHelpers.swift */ = {isa = PBXFileReference; lastKnownFileType = sourcecode.swift; path = "UIRefreshControl+TestHelpers.swift"; sourceTree = "<group>"; };
		2E5225DF2754B31F00C72F45 /* UIButton+TestHelpers.swift */ = {isa = PBXFileReference; lastKnownFileType = sourcecode.swift; path = "UIButton+TestHelpers.swift"; sourceTree = "<group>"; };
		2E5225E12754B38400C72F45 /* UIControl+TestHelpers.swift */ = {isa = PBXFileReference; lastKnownFileType = sourcecode.swift; path = "UIControl+TestHelpers.swift"; sourceTree = "<group>"; };
		2E5225E92754B5C000C72F45 /* FeedViewController+TestHelpers.swift */ = {isa = PBXFileReference; lastKnownFileType = sourcecode.swift; path = "FeedViewController+TestHelpers.swift"; sourceTree = "<group>"; };
		2E5225EB2754B86200C72F45 /* FeedImageCell+TestHelpers.swift */ = {isa = PBXFileReference; lastKnownFileType = sourcecode.swift; path = "FeedImageCell+TestHelpers.swift"; sourceTree = "<group>"; };
		2E5225ED2754B8AF00C72F45 /* FeedViewControllerTests+LoaderSpy.swift */ = {isa = PBXFileReference; lastKnownFileType = sourcecode.swift; path = "FeedViewControllerTests+LoaderSpy.swift"; sourceTree = "<group>"; };
		2E5225EF2754B92F00C72F45 /* FeedViewControllerTests+Assertions.swift */ = {isa = PBXFileReference; lastKnownFileType = sourcecode.swift; path = "FeedViewControllerTests+Assertions.swift"; sourceTree = "<group>"; };
		2E5225F12754BA3400C72F45 /* FeedImageDataLoader.swift */ = {isa = PBXFileReference; lastKnownFileType = sourcecode.swift; path = FeedImageDataLoader.swift; sourceTree = "<group>"; };
		2E5225F52754C7B100C72F45 /* FeedImageCellController.swift */ = {isa = PBXFileReference; lastKnownFileType = sourcecode.swift; path = FeedImageCellController.swift; sourceTree = "<group>"; };
		2E5225F82754D75000C72F45 /* FeedUIComposer.swift */ = {isa = PBXFileReference; lastKnownFileType = sourcecode.swift; path = FeedUIComposer.swift; sourceTree = "<group>"; };
		2E5225FD2754DB4D00C72F45 /* FeedImageViewModel.swift */ = {isa = PBXFileReference; lastKnownFileType = sourcecode.swift; path = FeedImageViewModel.swift; sourceTree = "<group>"; };
		2E5226002754DE4A00C72F45 /* FeedPresenter.swift */ = {isa = PBXFileReference; lastKnownFileType = sourcecode.swift; path = FeedPresenter.swift; sourceTree = "<group>"; };
		2E522602275563BE00C72F45 /* FeedImagePresenter.swift */ = {isa = PBXFileReference; lastKnownFileType = sourcecode.swift; path = FeedImagePresenter.swift; sourceTree = "<group>"; };
		2E522604275565A300C72F45 /* FeedLoadingViewModel.swift */ = {isa = PBXFileReference; lastKnownFileType = sourcecode.swift; path = FeedLoadingViewModel.swift; sourceTree = "<group>"; };
		2E522606275565C900C72F45 /* FeedViewModel.swift */ = {isa = PBXFileReference; lastKnownFileType = sourcecode.swift; path = FeedViewModel.swift; sourceTree = "<group>"; };
		2E52260A27556EB800C72F45 /* Feed.xcassets */ = {isa = PBXFileReference; lastKnownFileType = folder.assetcatalog; path = Feed.xcassets; sourceTree = "<group>"; };
		2E52260C27561ED900C72F45 /* Feed.storyboard */ = {isa = PBXFileReference; lastKnownFileType = file.storyboard; path = Feed.storyboard; sourceTree = "<group>"; };
		2E52260E2757455F00C72F45 /* UITableView+Dequeueing.swift */ = {isa = PBXFileReference; lastKnownFileType = sourcecode.swift; path = "UITableView+Dequeueing.swift"; sourceTree = "<group>"; };
		2E522610275747D400C72F45 /* UIImageView+Animations.swift */ = {isa = PBXFileReference; lastKnownFileType = sourcecode.swift; path = "UIImageView+Animations.swift"; sourceTree = "<group>"; };
		2E52261427574B1F00C72F45 /* FeedViewControllerTests+Localization.swift */ = {isa = PBXFileReference; lastKnownFileType = sourcecode.swift; path = "FeedViewControllerTests+Localization.swift"; sourceTree = "<group>"; };
		2E52261727574F5C00C72F45 /* en */ = {isa = PBXFileReference; lastKnownFileType = text.plist.strings; name = en; path = en.lproj/Feed.strings; sourceTree = "<group>"; };
		2ECEFC56274CE87500A2EFA4 /* FeedStoreSpecs.swift */ = {isa = PBXFileReference; lastKnownFileType = sourcecode.swift; path = FeedStoreSpecs.swift; sourceTree = "<group>"; };
		2ECEFC58274CE91300A2EFA4 /* XCTestCase+FeedStoreSpecs.swift */ = {isa = PBXFileReference; lastKnownFileType = sourcecode.swift; path = "XCTestCase+FeedStoreSpecs.swift"; sourceTree = "<group>"; };
		2ECEFC5A274CEC0D00A2EFA4 /* XCTestCase+FailableRetrieveFeedStoreSpecs.swift */ = {isa = PBXFileReference; lastKnownFileType = sourcecode.swift; path = "XCTestCase+FailableRetrieveFeedStoreSpecs.swift"; sourceTree = "<group>"; };
		2ECEFC5C274CECCC00A2EFA4 /* XCTestCase+FailableInsertFeedStoreSpecs.swift */ = {isa = PBXFileReference; lastKnownFileType = sourcecode.swift; path = "XCTestCase+FailableInsertFeedStoreSpecs.swift"; sourceTree = "<group>"; };
		2ECEFC5E274CED7D00A2EFA4 /* XCTestCase+FailableDeleteFeedStoreSpecs.swift */ = {isa = PBXFileReference; lastKnownFileType = sourcecode.swift; path = "XCTestCase+FailableDeleteFeedStoreSpecs.swift"; sourceTree = "<group>"; };
		2ECEFC61274CEFB400A2EFA4 /* CoreDataFeedStoreTests.swift */ = {isa = PBXFileReference; lastKnownFileType = sourcecode.swift; path = CoreDataFeedStoreTests.swift; sourceTree = "<group>"; };
		2ECEFC63274CF00800A2EFA4 /* CoreDataFeedStore.swift */ = {isa = PBXFileReference; lastKnownFileType = sourcecode.swift; path = CoreDataFeedStore.swift; sourceTree = "<group>"; };
		2ECEFC66274CF3AD00A2EFA4 /* FeedStore.xcdatamodel */ = {isa = PBXFileReference; lastKnownFileType = wrapper.xcdatamodel; path = FeedStore.xcdatamodel; sourceTree = "<group>"; };
		2ECEFC6B274DBE3000A2EFA4 /* CoreDataHelpers.swift */ = {isa = PBXFileReference; lastKnownFileType = sourcecode.swift; path = CoreDataHelpers.swift; sourceTree = "<group>"; };
		2ECEFC6D274DC07600A2EFA4 /* ManagedCache.swift */ = {isa = PBXFileReference; lastKnownFileType = sourcecode.swift; path = ManagedCache.swift; sourceTree = "<group>"; };
		2ECEFC6F274DC0A000A2EFA4 /* ManagedFeedImage.swift */ = {isa = PBXFileReference; lastKnownFileType = sourcecode.swift; path = ManagedFeedImage.swift; sourceTree = "<group>"; };
		2ECEFC75274DC2A000A2EFA4 /* EssentialFeedCacheIntegrationTests.xctest */ = {isa = PBXFileReference; explicitFileType = wrapper.cfbundle; includeInIndex = 0; path = EssentialFeedCacheIntegrationTests.xctest; sourceTree = BUILT_PRODUCTS_DIR; };
		2ECEFC77274DC2A000A2EFA4 /* EssentialFeedCacheIntegrationTests.swift */ = {isa = PBXFileReference; lastKnownFileType = sourcecode.swift; path = EssentialFeedCacheIntegrationTests.swift; sourceTree = "<group>"; };
		2EE339C2273BA70700B2C75E /* EssentialFeed.framework */ = {isa = PBXFileReference; explicitFileType = wrapper.framework; includeInIndex = 0; path = EssentialFeed.framework; sourceTree = BUILT_PRODUCTS_DIR; };
		2EE339C5273BA70700B2C75E /* EssentialFeed.h */ = {isa = PBXFileReference; lastKnownFileType = sourcecode.c.h; path = EssentialFeed.h; sourceTree = "<group>"; };
		2EE339CA273BA70700B2C75E /* EssentialFeedTests.xctest */ = {isa = PBXFileReference; explicitFileType = wrapper.cfbundle; includeInIndex = 0; path = EssentialFeedTests.xctest; sourceTree = BUILT_PRODUCTS_DIR; };
		2EE339DB273BA7AC00B2C75E /* URLSessionHTTPClientTests.swift */ = {isa = PBXFileReference; fileEncoding = 4; lastKnownFileType = sourcecode.swift; path = URLSessionHTTPClientTests.swift; sourceTree = "<group>"; };
		2EE339DC273BA7AC00B2C75E /* RemoteFeedLoaderTests.swift */ = {isa = PBXFileReference; fileEncoding = 4; lastKnownFileType = sourcecode.swift; path = RemoteFeedLoaderTests.swift; sourceTree = "<group>"; };
		2EE339E0273BA7C100B2C75E /* XCTestCase+MemoryLeakTracking.swift */ = {isa = PBXFileReference; fileEncoding = 4; lastKnownFileType = sourcecode.swift; path = "XCTestCase+MemoryLeakTracking.swift"; sourceTree = "<group>"; };
		2EE339E3273BA7DD00B2C75E /* URLSessionHTTPClient.swift */ = {isa = PBXFileReference; fileEncoding = 4; lastKnownFileType = sourcecode.swift; path = URLSessionHTTPClient.swift; sourceTree = "<group>"; };
		2EE339E4273BA7DD00B2C75E /* FeedItemsMapper.swift */ = {isa = PBXFileReference; fileEncoding = 4; lastKnownFileType = sourcecode.swift; path = FeedItemsMapper.swift; sourceTree = "<group>"; };
		2EE339E5273BA7DD00B2C75E /* HTTPClient.swift */ = {isa = PBXFileReference; fileEncoding = 4; lastKnownFileType = sourcecode.swift; path = HTTPClient.swift; sourceTree = "<group>"; };
		2EE339E6273BA7DD00B2C75E /* RemoteFeedLoader.swift */ = {isa = PBXFileReference; fileEncoding = 4; lastKnownFileType = sourcecode.swift; path = RemoteFeedLoader.swift; sourceTree = "<group>"; };
		2EE339EC273BA7E800B2C75E /* FeedLoader.swift */ = {isa = PBXFileReference; fileEncoding = 4; lastKnownFileType = sourcecode.swift; path = FeedLoader.swift; sourceTree = "<group>"; };
		2EE339ED273BA7E800B2C75E /* FeedItem.swift */ = {isa = PBXFileReference; fileEncoding = 4; lastKnownFileType = sourcecode.swift; path = FeedItem.swift; sourceTree = "<group>"; };
		2EE339F4273BA80A00B2C75E /* EssentialFeedEndToEndTests.xctest */ = {isa = PBXFileReference; explicitFileType = wrapper.cfbundle; includeInIndex = 0; path = EssentialFeedEndToEndTests.xctest; sourceTree = BUILT_PRODUCTS_DIR; };
		2EE339FE273BA83000B2C75E /* EssentialFeedAPIEndToEndTests.swift */ = {isa = PBXFileReference; fileEncoding = 4; lastKnownFileType = sourcecode.swift; path = EssentialFeedAPIEndToEndTests.swift; sourceTree = "<group>"; };
		2EE33A062745C16000B2C75E /* CacheFeedUseCaseTests.swift */ = {isa = PBXFileReference; lastKnownFileType = sourcecode.swift; path = CacheFeedUseCaseTests.swift; sourceTree = "<group>"; };
		2EE33A092746529200B2C75E /* LocalFeedLoader.swift */ = {isa = PBXFileReference; lastKnownFileType = sourcecode.swift; path = LocalFeedLoader.swift; sourceTree = "<group>"; };
		2EE33A0B2746533200B2C75E /* FeedStore.swift */ = {isa = PBXFileReference; lastKnownFileType = sourcecode.swift; path = FeedStore.swift; sourceTree = "<group>"; };
		2EE33A0D2746FB8E00B2C75E /* RemoteFeedItem.swift */ = {isa = PBXFileReference; lastKnownFileType = sourcecode.swift; path = RemoteFeedItem.swift; sourceTree = "<group>"; };
		2EE33A0F2746FC1300B2C75E /* LocalFeedImage.swift */ = {isa = PBXFileReference; lastKnownFileType = sourcecode.swift; path = LocalFeedImage.swift; sourceTree = "<group>"; };
		2EE33A11274763BF00B2C75E /* LoadFeedFromCacheUseCaseTests.swift */ = {isa = PBXFileReference; lastKnownFileType = sourcecode.swift; path = LoadFeedFromCacheUseCaseTests.swift; sourceTree = "<group>"; };
		2EE33A14274765A400B2C75E /* FeedStoreSpy.swift */ = {isa = PBXFileReference; lastKnownFileType = sourcecode.swift; path = FeedStoreSpy.swift; sourceTree = "<group>"; };
		2EE33A1627479D3000B2C75E /* ValidateFeedCacheUseCaseTests.swift */ = {isa = PBXFileReference; lastKnownFileType = sourcecode.swift; path = ValidateFeedCacheUseCaseTests.swift; sourceTree = "<group>"; };
		2EE33A182747AB1500B2C75E /* FeedCacheTestHelpers.swift */ = {isa = PBXFileReference; lastKnownFileType = sourcecode.swift; path = FeedCacheTestHelpers.swift; sourceTree = "<group>"; };
		2EE33A1A2747AC4200B2C75E /* SharedTestHelpers.swift */ = {isa = PBXFileReference; lastKnownFileType = sourcecode.swift; path = SharedTestHelpers.swift; sourceTree = "<group>"; };
		2EE33A1C27482ED100B2C75E /* FeedCachePolicy.swift */ = {isa = PBXFileReference; lastKnownFileType = sourcecode.swift; path = FeedCachePolicy.swift; sourceTree = "<group>"; };
/* End PBXFileReference section */

/* Begin PBXFrameworksBuildPhase section */
		2E5225B327516E6B00C72F45 /* Frameworks */ = {
			isa = PBXFrameworksBuildPhase;
			buildActionMask = 2147483647;
			files = (
				2E5225CE2751762C00C72F45 /* EssentialFeed.framework in Frameworks */,
			);
			runOnlyForDeploymentPostprocessing = 0;
		};
		2E5225BA27516E6B00C72F45 /* Frameworks */ = {
			isa = PBXFrameworksBuildPhase;
			buildActionMask = 2147483647;
			files = (
				2E5225BE27516E6B00C72F45 /* EssentialFeediOS.framework in Frameworks */,
			);
			runOnlyForDeploymentPostprocessing = 0;
		};
		2ECEFC72274DC2A000A2EFA4 /* Frameworks */ = {
			isa = PBXFrameworksBuildPhase;
			buildActionMask = 2147483647;
			files = (
				2ECEFC79274DC2A000A2EFA4 /* EssentialFeed.framework in Frameworks */,
			);
			runOnlyForDeploymentPostprocessing = 0;
		};
		2EE339BF273BA70700B2C75E /* Frameworks */ = {
			isa = PBXFrameworksBuildPhase;
			buildActionMask = 2147483647;
			files = (
			);
			runOnlyForDeploymentPostprocessing = 0;
		};
		2EE339C7273BA70700B2C75E /* Frameworks */ = {
			isa = PBXFrameworksBuildPhase;
			buildActionMask = 2147483647;
			files = (
				2EE339CB273BA70700B2C75E /* EssentialFeed.framework in Frameworks */,
			);
			runOnlyForDeploymentPostprocessing = 0;
		};
		2EE339F1273BA80A00B2C75E /* Frameworks */ = {
			isa = PBXFrameworksBuildPhase;
			buildActionMask = 2147483647;
			files = (
				2EE339F8273BA80A00B2C75E /* EssentialFeed.framework in Frameworks */,
			);
			runOnlyForDeploymentPostprocessing = 0;
		};
/* End PBXFrameworksBuildPhase section */

/* Begin PBXGroup section */
		2E5225B727516E6B00C72F45 /* EssentialFeediOS */ = {
			isa = PBXGroup;
			children = (
				2E5225FF2754DDCB00C72F45 /* Feed Presentation */,
				2E5225E42754B4EE00C72F45 /* Feed UI */,
				2E5225E32754B4D500C72F45 /* Feed Image Loader */,
			);
			path = EssentialFeediOS;
			sourceTree = "<group>";
		};
		2E5225C127516E6B00C72F45 /* EssentialFeediOSTests */ = {
			isa = PBXGroup;
			children = (
				2E5225E72754B53E00C72F45 /* Feed UI */,
			);
			path = EssentialFeediOSTests;
			sourceTree = "<group>";
		};
		2E5225CD2751762C00C72F45 /* Frameworks */ = {
			isa = PBXGroup;
			children = (
			);
			name = Frameworks;
			sourceTree = "<group>";
		};
		2E5225DA2754B24000C72F45 /* Helpers */ = {
			isa = PBXGroup;
			children = (
				2E5225DB2754B25000C72F45 /* UIImage+TestHelpers.swift */,
				2E5225DD2754B2A200C72F45 /* UIRefreshControl+TestHelpers.swift */,
				2E5225DF2754B31F00C72F45 /* UIButton+TestHelpers.swift */,
				2E5225E12754B38400C72F45 /* UIControl+TestHelpers.swift */,
				2E5225E92754B5C000C72F45 /* FeedViewController+TestHelpers.swift */,
				2E5225EB2754B86200C72F45 /* FeedImageCell+TestHelpers.swift */,
				2E5225ED2754B8AF00C72F45 /* FeedViewControllerTests+LoaderSpy.swift */,
				2E5225EF2754B92F00C72F45 /* FeedViewControllerTests+Assertions.swift */,
				2E52261427574B1F00C72F45 /* FeedViewControllerTests+Localization.swift */,
			);
			path = Helpers;
			sourceTree = "<group>";
		};
		2E5225E32754B4D500C72F45 /* Feed Image Loader */ = {
			isa = PBXGroup;
			children = (
				2E5225F12754BA3400C72F45 /* FeedImageDataLoader.swift */,
			);
			path = "Feed Image Loader";
			sourceTree = "<group>";
		};
		2E5225E42754B4EE00C72F45 /* Feed UI */ = {
			isa = PBXGroup;
			children = (
				2E5225F72754D73C00C72F45 /* Composers */,
				2E5225E62754B51000C72F45 /* Views */,
				2E5225E52754B50000C72F45 /* Controllers */,
			);
			path = "Feed UI";
			sourceTree = "<group>";
		};
		2E5225E52754B50000C72F45 /* Controllers */ = {
			isa = PBXGroup;
			children = (
				2E5225D4275470CC00C72F45 /* FeedViewController.swift */,
				2E5225F52754C7B100C72F45 /* FeedImageCellController.swift */,
			);
			path = Controllers;
			sourceTree = "<group>";
		};
		2E5225E62754B51000C72F45 /* Views */ = {
			isa = PBXGroup;
			children = (
				2E5225D627547A1700C72F45 /* FeedImageCell.swift */,
				2E5225D82754ACAD00C72F45 /* UIView+Shimmering.swift */,
				2E52260A27556EB800C72F45 /* Feed.xcassets */,
				2E52260C27561ED900C72F45 /* Feed.storyboard */,
				2E52260E2757455F00C72F45 /* UITableView+Dequeueing.swift */,
				2E522610275747D400C72F45 /* UIImageView+Animations.swift */,
			);
			path = Views;
			sourceTree = "<group>";
		};
		2E5225E72754B53E00C72F45 /* Feed UI */ = {
			isa = PBXGroup;
			children = (
				2E5225DA2754B24000C72F45 /* Helpers */,
				2E5225CB2751732400C72F45 /* FeedUIIntegrationTests.swift */,
			);
			path = "Feed UI";
			sourceTree = "<group>";
		};
		2E5225F72754D73C00C72F45 /* Composers */ = {
			isa = PBXGroup;
			children = (
				2E5225F82754D75000C72F45 /* FeedUIComposer.swift */,
			);
			path = Composers;
			sourceTree = "<group>";
		};
		2E5225FF2754DDCB00C72F45 /* Feed Presentation */ = {
			isa = PBXGroup;
			children = (
				2E5225FD2754DB4D00C72F45 /* FeedImageViewModel.swift */,
				2E5226002754DE4A00C72F45 /* FeedPresenter.swift */,
				2E522602275563BE00C72F45 /* FeedImagePresenter.swift */,
				2E522604275565A300C72F45 /* FeedLoadingViewModel.swift */,
				2E522606275565C900C72F45 /* FeedViewModel.swift */,
				2E52261827574F5C00C72F45 /* Feed.strings */,
			);
			path = "Feed Presentation";
			sourceTree = "<group>";
		};
		2ECEFC60274CEDFB00A2EFA4 /* FeedStoreSpecs */ = {
			isa = PBXGroup;
			children = (
				2ECEFC56274CE87500A2EFA4 /* FeedStoreSpecs.swift */,
				2ECEFC58274CE91300A2EFA4 /* XCTestCase+FeedStoreSpecs.swift */,
				2ECEFC5A274CEC0D00A2EFA4 /* XCTestCase+FailableRetrieveFeedStoreSpecs.swift */,
				2ECEFC5C274CECCC00A2EFA4 /* XCTestCase+FailableInsertFeedStoreSpecs.swift */,
				2ECEFC5E274CED7D00A2EFA4 /* XCTestCase+FailableDeleteFeedStoreSpecs.swift */,
			);
			path = FeedStoreSpecs;
			sourceTree = "<group>";
		};
		2ECEFC68274DB0E500A2EFA4 /* Infrastructure */ = {
			isa = PBXGroup;
			children = (
				2ECEFC69274DB14500A2EFA4 /* CoreData */,
			);
			path = Infrastructure;
			sourceTree = "<group>";
		};
		2ECEFC69274DB14500A2EFA4 /* CoreData */ = {
			isa = PBXGroup;
			children = (
				2ECEFC65274CF3AD00A2EFA4 /* FeedStore.xcdatamodeld */,
				2ECEFC63274CF00800A2EFA4 /* CoreDataFeedStore.swift */,
				2ECEFC6B274DBE3000A2EFA4 /* CoreDataHelpers.swift */,
				2ECEFC6D274DC07600A2EFA4 /* ManagedCache.swift */,
				2ECEFC6F274DC0A000A2EFA4 /* ManagedFeedImage.swift */,
			);
			path = CoreData;
			sourceTree = "<group>";
		};
		2ECEFC76274DC2A000A2EFA4 /* EssentialFeedCacheIntegrationTests */ = {
			isa = PBXGroup;
			children = (
				2ECEFC77274DC2A000A2EFA4 /* EssentialFeedCacheIntegrationTests.swift */,
			);
			path = EssentialFeedCacheIntegrationTests;
			sourceTree = "<group>";
		};
		2EE339B8273BA70700B2C75E = {
			isa = PBXGroup;
			children = (
				2EE339C4273BA70700B2C75E /* EssentialFeed */,
				2EE339CE273BA70700B2C75E /* EssentialFeedTests */,
				2EE339F5273BA80A00B2C75E /* EssentialFeedEndToEndTests */,
				2ECEFC76274DC2A000A2EFA4 /* EssentialFeedCacheIntegrationTests */,
				2E5225B727516E6B00C72F45 /* EssentialFeediOS */,
				2E5225C127516E6B00C72F45 /* EssentialFeediOSTests */,
				2EE339C3273BA70700B2C75E /* Products */,
				2E5225CD2751762C00C72F45 /* Frameworks */,
			);
			sourceTree = "<group>";
		};
		2EE339C3273BA70700B2C75E /* Products */ = {
			isa = PBXGroup;
			children = (
				2EE339C2273BA70700B2C75E /* EssentialFeed.framework */,
				2EE339CA273BA70700B2C75E /* EssentialFeedTests.xctest */,
				2EE339F4273BA80A00B2C75E /* EssentialFeedEndToEndTests.xctest */,
				2ECEFC75274DC2A000A2EFA4 /* EssentialFeedCacheIntegrationTests.xctest */,
				2E5225B627516E6B00C72F45 /* EssentialFeediOS.framework */,
				2E5225BD27516E6B00C72F45 /* EssentialFeediOSTests.xctest */,
			);
			name = Products;
			sourceTree = "<group>";
		};
		2EE339C4273BA70700B2C75E /* EssentialFeed */ = {
			isa = PBXGroup;
			children = (
				2EE33A082746527300B2C75E /* Feed Cache */,
				2EE339EB273BA7E800B2C75E /* Feed Feature */,
				2EE339E2273BA7DD00B2C75E /* Feed API */,
				2EE339C5273BA70700B2C75E /* EssentialFeed.h */,
			);
			path = EssentialFeed;
			sourceTree = "<group>";
		};
		2EE339CE273BA70700B2C75E /* EssentialFeedTests */ = {
			isa = PBXGroup;
			children = (
				2EE339DF273BA7C100B2C75E /* Helpers */,
				2EE33A052745C11900B2C75E /* FeedCache */,
				2EE339DA273BA71200B2C75E /* FeedAPI */,
			);
			path = EssentialFeedTests;
			sourceTree = "<group>";
		};
		2EE339DA273BA71200B2C75E /* FeedAPI */ = {
			isa = PBXGroup;
			children = (
				2EE339DC273BA7AC00B2C75E /* RemoteFeedLoaderTests.swift */,
				2EE339DB273BA7AC00B2C75E /* URLSessionHTTPClientTests.swift */,
			);
			path = FeedAPI;
			sourceTree = "<group>";
		};
		2EE339DF273BA7C100B2C75E /* Helpers */ = {
			isa = PBXGroup;
			children = (
				2EE339E0273BA7C100B2C75E /* XCTestCase+MemoryLeakTracking.swift */,
				2EE33A1A2747AC4200B2C75E /* SharedTestHelpers.swift */,
			);
			path = Helpers;
			sourceTree = "<group>";
		};
		2EE339E2273BA7DD00B2C75E /* Feed API */ = {
			isa = PBXGroup;
			children = (
				2EE339E3273BA7DD00B2C75E /* URLSessionHTTPClient.swift */,
				2EE339E4273BA7DD00B2C75E /* FeedItemsMapper.swift */,
				2EE339E5273BA7DD00B2C75E /* HTTPClient.swift */,
				2EE339E6273BA7DD00B2C75E /* RemoteFeedLoader.swift */,
				2EE33A0D2746FB8E00B2C75E /* RemoteFeedItem.swift */,
			);
			path = "Feed API";
			sourceTree = "<group>";
		};
		2EE339EB273BA7E800B2C75E /* Feed Feature */ = {
			isa = PBXGroup;
			children = (
				2EE339EC273BA7E800B2C75E /* FeedLoader.swift */,
				2EE339ED273BA7E800B2C75E /* FeedItem.swift */,
			);
			path = "Feed Feature";
			sourceTree = "<group>";
		};
		2EE339F5273BA80A00B2C75E /* EssentialFeedEndToEndTests */ = {
			isa = PBXGroup;
			children = (
				2EE339FE273BA83000B2C75E /* EssentialFeedAPIEndToEndTests.swift */,
			);
			path = EssentialFeedEndToEndTests;
			sourceTree = "<group>";
		};
		2EE33A052745C11900B2C75E /* FeedCache */ = {
			isa = PBXGroup;
			children = (
				2ECEFC60274CEDFB00A2EFA4 /* FeedStoreSpecs */,
				2EE33A132747658700B2C75E /* Helpers */,
				2EE33A062745C16000B2C75E /* CacheFeedUseCaseTests.swift */,
				2EE33A11274763BF00B2C75E /* LoadFeedFromCacheUseCaseTests.swift */,
				2EE33A1627479D3000B2C75E /* ValidateFeedCacheUseCaseTests.swift */,
				2ECEFC61274CEFB400A2EFA4 /* CoreDataFeedStoreTests.swift */,
			);
			path = FeedCache;
			sourceTree = "<group>";
		};
		2EE33A082746527300B2C75E /* Feed Cache */ = {
			isa = PBXGroup;
			children = (
				2ECEFC68274DB0E500A2EFA4 /* Infrastructure */,
				2EE33A092746529200B2C75E /* LocalFeedLoader.swift */,
				2EE33A0B2746533200B2C75E /* FeedStore.swift */,
				2EE33A0F2746FC1300B2C75E /* LocalFeedImage.swift */,
				2EE33A1C27482ED100B2C75E /* FeedCachePolicy.swift */,
			);
			path = "Feed Cache";
			sourceTree = "<group>";
		};
		2EE33A132747658700B2C75E /* Helpers */ = {
			isa = PBXGroup;
			children = (
				2EE33A14274765A400B2C75E /* FeedStoreSpy.swift */,
				2EE33A182747AB1500B2C75E /* FeedCacheTestHelpers.swift */,
			);
			path = Helpers;
			sourceTree = "<group>";
		};
/* End PBXGroup section */

/* Begin PBXHeadersBuildPhase section */
		2E5225B127516E6B00C72F45 /* Headers */ = {
			isa = PBXHeadersBuildPhase;
			buildActionMask = 2147483647;
			files = (
			);
			runOnlyForDeploymentPostprocessing = 0;
		};
		2EE339BD273BA70700B2C75E /* Headers */ = {
			isa = PBXHeadersBuildPhase;
			buildActionMask = 2147483647;
			files = (
				2EE339D1273BA70700B2C75E /* EssentialFeed.h in Headers */,
			);
			runOnlyForDeploymentPostprocessing = 0;
		};
/* End PBXHeadersBuildPhase section */

/* Begin PBXNativeTarget section */
		2E5225B527516E6B00C72F45 /* EssentialFeediOS */ = {
			isa = PBXNativeTarget;
			buildConfigurationList = 2E5225C527516E6B00C72F45 /* Build configuration list for PBXNativeTarget "EssentialFeediOS" */;
			buildPhases = (
				2E5225B127516E6B00C72F45 /* Headers */,
				2E5225B227516E6B00C72F45 /* Sources */,
				2E5225B327516E6B00C72F45 /* Frameworks */,
				2E5225B427516E6B00C72F45 /* Resources */,
				2E5225D22751762C00C72F45 /* Embed Frameworks */,
			);
			buildRules = (
			);
			dependencies = (
				2E5225D12751762C00C72F45 /* PBXTargetDependency */,
			);
			name = EssentialFeediOS;
			productName = EssentialFeediOS;
			productReference = 2E5225B627516E6B00C72F45 /* EssentialFeediOS.framework */;
			productType = "com.apple.product-type.framework";
		};
		2E5225BC27516E6B00C72F45 /* EssentialFeediOSTests */ = {
			isa = PBXNativeTarget;
			buildConfigurationList = 2E5225C827516E6B00C72F45 /* Build configuration list for PBXNativeTarget "EssentialFeediOSTests" */;
			buildPhases = (
				2E5225B927516E6B00C72F45 /* Sources */,
				2E5225BA27516E6B00C72F45 /* Frameworks */,
				2E5225BB27516E6B00C72F45 /* Resources */,
			);
			buildRules = (
			);
			dependencies = (
				2E5225C027516E6B00C72F45 /* PBXTargetDependency */,
			);
			name = EssentialFeediOSTests;
			productName = EssentialFeediOSTests;
			productReference = 2E5225BD27516E6B00C72F45 /* EssentialFeediOSTests.xctest */;
			productType = "com.apple.product-type.bundle.unit-test";
		};
		2ECEFC74274DC2A000A2EFA4 /* EssentialFeedCacheIntegrationTests */ = {
			isa = PBXNativeTarget;
			buildConfigurationList = 2ECEFC7C274DC2A000A2EFA4 /* Build configuration list for PBXNativeTarget "EssentialFeedCacheIntegrationTests" */;
			buildPhases = (
				2ECEFC71274DC2A000A2EFA4 /* Sources */,
				2ECEFC72274DC2A000A2EFA4 /* Frameworks */,
				2ECEFC73274DC2A000A2EFA4 /* Resources */,
			);
			buildRules = (
			);
			dependencies = (
				2ECEFC7B274DC2A000A2EFA4 /* PBXTargetDependency */,
			);
			name = EssentialFeedCacheIntegrationTests;
			productName = EssentialFeedCacheIntegrationTests;
			productReference = 2ECEFC75274DC2A000A2EFA4 /* EssentialFeedCacheIntegrationTests.xctest */;
			productType = "com.apple.product-type.bundle.unit-test";
		};
		2EE339C1273BA70700B2C75E /* EssentialFeed */ = {
			isa = PBXNativeTarget;
			buildConfigurationList = 2EE339D4273BA70700B2C75E /* Build configuration list for PBXNativeTarget "EssentialFeed" */;
			buildPhases = (
				2EE339BD273BA70700B2C75E /* Headers */,
				2EE339BE273BA70700B2C75E /* Sources */,
				2EE339BF273BA70700B2C75E /* Frameworks */,
				2EE339C0273BA70700B2C75E /* Resources */,
			);
			buildRules = (
			);
			dependencies = (
			);
			name = EssentialFeed;
			productName = EssentialFeed;
			productReference = 2EE339C2273BA70700B2C75E /* EssentialFeed.framework */;
			productType = "com.apple.product-type.framework";
		};
		2EE339C9273BA70700B2C75E /* EssentialFeedTests */ = {
			isa = PBXNativeTarget;
			buildConfigurationList = 2EE339D7273BA70700B2C75E /* Build configuration list for PBXNativeTarget "EssentialFeedTests" */;
			buildPhases = (
				2EE339C6273BA70700B2C75E /* Sources */,
				2EE339C7273BA70700B2C75E /* Frameworks */,
				2EE339C8273BA70700B2C75E /* Resources */,
			);
			buildRules = (
			);
			dependencies = (
				2EE339CD273BA70700B2C75E /* PBXTargetDependency */,
			);
			name = EssentialFeedTests;
			productName = EssentialFeedTests;
			productReference = 2EE339CA273BA70700B2C75E /* EssentialFeedTests.xctest */;
			productType = "com.apple.product-type.bundle.unit-test";
		};
		2EE339F3273BA80A00B2C75E /* EssentialFeedEndToEndTests */ = {
			isa = PBXNativeTarget;
			buildConfigurationList = 2EE339FB273BA80A00B2C75E /* Build configuration list for PBXNativeTarget "EssentialFeedEndToEndTests" */;
			buildPhases = (
				2EE339F0273BA80A00B2C75E /* Sources */,
				2EE339F1273BA80A00B2C75E /* Frameworks */,
				2EE339F2273BA80A00B2C75E /* Resources */,
			);
			buildRules = (
			);
			dependencies = (
				2EE339FA273BA80A00B2C75E /* PBXTargetDependency */,
			);
			name = EssentialFeedEndToEndTests;
			productName = EssentialFeedEndToEndTests;
			productReference = 2EE339F4273BA80A00B2C75E /* EssentialFeedEndToEndTests.xctest */;
			productType = "com.apple.product-type.bundle.unit-test";
		};
/* End PBXNativeTarget section */

/* Begin PBXProject section */
		2EE339B9273BA70700B2C75E /* Project object */ = {
			isa = PBXProject;
			attributes = {
				BuildIndependentTargetsInParallel = 1;
				LastSwiftUpdateCheck = 1310;
				LastUpgradeCheck = 1300;
				TargetAttributes = {
					2E5225B527516E6B00C72F45 = {
						CreatedOnToolsVersion = 13.1;
						LastSwiftMigration = 1310;
					};
					2E5225BC27516E6B00C72F45 = {
						CreatedOnToolsVersion = 13.1;
						LastSwiftMigration = 1310;
					};
					2ECEFC74274DC2A000A2EFA4 = {
						CreatedOnToolsVersion = 13.0;
					};
					2EE339C1273BA70700B2C75E = {
						CreatedOnToolsVersion = 13.0;
					};
					2EE339C9273BA70700B2C75E = {
						CreatedOnToolsVersion = 13.0;
						LastSwiftMigration = 1300;
					};
					2EE339F3273BA80A00B2C75E = {
						CreatedOnToolsVersion = 13.0;
						LastSwiftMigration = 1300;
					};
				};
			};
			buildConfigurationList = 2EE339BC273BA70700B2C75E /* Build configuration list for PBXProject "EssentialFeed" */;
			compatibilityVersion = "Xcode 13.0";
			developmentRegion = en;
			hasScannedForEncodings = 0;
			knownRegions = (
				en,
				Base,
			);
			mainGroup = 2EE339B8273BA70700B2C75E;
			productRefGroup = 2EE339C3273BA70700B2C75E /* Products */;
			projectDirPath = "";
			projectRoot = "";
			targets = (
				2EE339C1273BA70700B2C75E /* EssentialFeed */,
				2EE339C9273BA70700B2C75E /* EssentialFeedTests */,
				2EE339F3273BA80A00B2C75E /* EssentialFeedEndToEndTests */,
				2ECEFC74274DC2A000A2EFA4 /* EssentialFeedCacheIntegrationTests */,
				2E5225B527516E6B00C72F45 /* EssentialFeediOS */,
				2E5225BC27516E6B00C72F45 /* EssentialFeediOSTests */,
			);
		};
/* End PBXProject section */

/* Begin PBXResourcesBuildPhase section */
		2E5225B427516E6B00C72F45 /* Resources */ = {
			isa = PBXResourcesBuildPhase;
			buildActionMask = 2147483647;
			files = (
				2E52260D27561ED900C72F45 /* Feed.storyboard in Resources */,
				2E52260B27556EB800C72F45 /* Feed.xcassets in Resources */,
				2E52261627574F5C00C72F45 /* Feed.strings in Resources */,
			);
			runOnlyForDeploymentPostprocessing = 0;
		};
		2E5225BB27516E6B00C72F45 /* Resources */ = {
			isa = PBXResourcesBuildPhase;
			buildActionMask = 2147483647;
			files = (
			);
			runOnlyForDeploymentPostprocessing = 0;
		};
		2ECEFC73274DC2A000A2EFA4 /* Resources */ = {
			isa = PBXResourcesBuildPhase;
			buildActionMask = 2147483647;
			files = (
			);
			runOnlyForDeploymentPostprocessing = 0;
		};
		2EE339C0273BA70700B2C75E /* Resources */ = {
			isa = PBXResourcesBuildPhase;
			buildActionMask = 2147483647;
			files = (
			);
			runOnlyForDeploymentPostprocessing = 0;
		};
		2EE339C8273BA70700B2C75E /* Resources */ = {
			isa = PBXResourcesBuildPhase;
			buildActionMask = 2147483647;
			files = (
			);
			runOnlyForDeploymentPostprocessing = 0;
		};
		2EE339F2273BA80A00B2C75E /* Resources */ = {
			isa = PBXResourcesBuildPhase;
			buildActionMask = 2147483647;
			files = (
			);
			runOnlyForDeploymentPostprocessing = 0;
		};
/* End PBXResourcesBuildPhase section */

/* Begin PBXSourcesBuildPhase section */
		2E5225B227516E6B00C72F45 /* Sources */ = {
			isa = PBXSourcesBuildPhase;
			buildActionMask = 2147483647;
			files = (
				2E5226012754DE4A00C72F45 /* FeedPresenter.swift in Sources */,
				2E5225F22754BA3400C72F45 /* FeedImageDataLoader.swift in Sources */,
				2E522607275565C900C72F45 /* FeedViewModel.swift in Sources */,
				2E52260F2757455F00C72F45 /* UITableView+Dequeueing.swift in Sources */,
				2E522605275565A300C72F45 /* FeedLoadingViewModel.swift in Sources */,
				2E5225D92754ACAD00C72F45 /* UIView+Shimmering.swift in Sources */,
				2E522603275563BE00C72F45 /* FeedImagePresenter.swift in Sources */,
				2E522611275747D400C72F45 /* UIImageView+Animations.swift in Sources */,
				2E5225D5275470CC00C72F45 /* FeedViewController.swift in Sources */,
				2E5225D727547A1700C72F45 /* FeedImageCell.swift in Sources */,
				2E5225FE2754DB4D00C72F45 /* FeedImageViewModel.swift in Sources */,
				2E5225F62754C7B100C72F45 /* FeedImageCellController.swift in Sources */,
				2E5225F92754D75000C72F45 /* FeedUIComposer.swift in Sources */,
			);
			runOnlyForDeploymentPostprocessing = 0;
		};
		2E5225B927516E6B00C72F45 /* Sources */ = {
			isa = PBXSourcesBuildPhase;
			buildActionMask = 2147483647;
			files = (
				2E5225CC2751732400C72F45 /* FeedUIIntegrationTests.swift in Sources */,
				2E5225F02754B92F00C72F45 /* FeedViewControllerTests+Assertions.swift in Sources */,
				2E5225E02754B31F00C72F45 /* UIButton+TestHelpers.swift in Sources */,
				2E5225DE2754B2A200C72F45 /* UIRefreshControl+TestHelpers.swift in Sources */,
				2E5225E22754B38400C72F45 /* UIControl+TestHelpers.swift in Sources */,
				2E5225EE2754B8AF00C72F45 /* FeedViewControllerTests+LoaderSpy.swift in Sources */,
				2E5225EA2754B5C000C72F45 /* FeedViewController+TestHelpers.swift in Sources */,
				2E5225D32754627B00C72F45 /* XCTestCase+MemoryLeakTracking.swift in Sources */,
				2E5225DC2754B25000C72F45 /* UIImage+TestHelpers.swift in Sources */,
				2E5225EC2754B86200C72F45 /* FeedImageCell+TestHelpers.swift in Sources */,
				2E52261527574B1F00C72F45 /* FeedViewControllerTests+Localization.swift in Sources */,
			);
			runOnlyForDeploymentPostprocessing = 0;
		};
		2ECEFC71274DC2A000A2EFA4 /* Sources */ = {
			isa = PBXSourcesBuildPhase;
			buildActionMask = 2147483647;
			files = (
				2ECEFC87274DCA0B00A2EFA4 /* SharedTestHelpers.swift in Sources */,
				2ECEFC86274DC87E00A2EFA4 /* FeedCacheTestHelpers.swift in Sources */,
				2ECEFC78274DC2A000A2EFA4 /* EssentialFeedCacheIntegrationTests.swift in Sources */,
				2ECEFC85274DC85900A2EFA4 /* XCTestCase+MemoryLeakTracking.swift in Sources */,
			);
			runOnlyForDeploymentPostprocessing = 0;
		};
		2EE339BE273BA70700B2C75E /* Sources */ = {
			isa = PBXSourcesBuildPhase;
			buildActionMask = 2147483647;
			files = (
				2ECEFC6C274DBE3000A2EFA4 /* CoreDataHelpers.swift in Sources */,
				2EE339EA273BA7DD00B2C75E /* RemoteFeedLoader.swift in Sources */,
				2EE339E7273BA7DD00B2C75E /* URLSessionHTTPClient.swift in Sources */,
				2EE33A0E2746FB8E00B2C75E /* RemoteFeedItem.swift in Sources */,
				2EE33A1D27482ED100B2C75E /* FeedCachePolicy.swift in Sources */,
				2EE339EF273BA7E800B2C75E /* FeedItem.swift in Sources */,
				2ECEFC67274CF3AD00A2EFA4 /* FeedStore.xcdatamodeld in Sources */,
				2EE33A102746FC1300B2C75E /* LocalFeedImage.swift in Sources */,
				2EE33A0C2746533200B2C75E /* FeedStore.swift in Sources */,
				2EE33A0A2746529200B2C75E /* LocalFeedLoader.swift in Sources */,
				2EE339E8273BA7DD00B2C75E /* FeedItemsMapper.swift in Sources */,
				2EE339EE273BA7E800B2C75E /* FeedLoader.swift in Sources */,
				2EE339E9273BA7DD00B2C75E /* HTTPClient.swift in Sources */,
				2ECEFC6E274DC07600A2EFA4 /* ManagedCache.swift in Sources */,
				2ECEFC64274CF00800A2EFA4 /* CoreDataFeedStore.swift in Sources */,
				2ECEFC70274DC0A000A2EFA4 /* ManagedFeedImage.swift in Sources */,
			);
			runOnlyForDeploymentPostprocessing = 0;
		};
		2EE339C6273BA70700B2C75E /* Sources */ = {
			isa = PBXSourcesBuildPhase;
			buildActionMask = 2147483647;
			files = (
				2EE33A192747AB1500B2C75E /* FeedCacheTestHelpers.swift in Sources */,
				2EE33A1727479D3000B2C75E /* ValidateFeedCacheUseCaseTests.swift in Sources */,
				2EE339DE273BA7AC00B2C75E /* RemoteFeedLoaderTests.swift in Sources */,
				2ECEFC5D274CECCC00A2EFA4 /* XCTestCase+FailableInsertFeedStoreSpecs.swift in Sources */,
				2EE339DD273BA7AC00B2C75E /* URLSessionHTTPClientTests.swift in Sources */,
				2EE33A15274765A400B2C75E /* FeedStoreSpy.swift in Sources */,
				2EE33A1B2747AC4200B2C75E /* SharedTestHelpers.swift in Sources */,
				2EE33A072745C16100B2C75E /* CacheFeedUseCaseTests.swift in Sources */,
				2ECEFC5F274CED7D00A2EFA4 /* XCTestCase+FailableDeleteFeedStoreSpecs.swift in Sources */,
				2ECEFC5B274CEC0D00A2EFA4 /* XCTestCase+FailableRetrieveFeedStoreSpecs.swift in Sources */,
				2EE33A12274763BF00B2C75E /* LoadFeedFromCacheUseCaseTests.swift in Sources */,
				2ECEFC57274CE87500A2EFA4 /* FeedStoreSpecs.swift in Sources */,
				2EE339E1273BA7C100B2C75E /* XCTestCase+MemoryLeakTracking.swift in Sources */,
				2ECEFC62274CEFB400A2EFA4 /* CoreDataFeedStoreTests.swift in Sources */,
				2ECEFC59274CE91300A2EFA4 /* XCTestCase+FeedStoreSpecs.swift in Sources */,
			);
			runOnlyForDeploymentPostprocessing = 0;
		};
		2EE339F0273BA80A00B2C75E /* Sources */ = {
			isa = PBXSourcesBuildPhase;
			buildActionMask = 2147483647;
			files = (
				2EE339FF273BA83000B2C75E /* EssentialFeedAPIEndToEndTests.swift in Sources */,
				2EE33A00273BA90600B2C75E /* XCTestCase+MemoryLeakTracking.swift in Sources */,
			);
			runOnlyForDeploymentPostprocessing = 0;
		};
/* End PBXSourcesBuildPhase section */

/* Begin PBXTargetDependency section */
		2E5225C027516E6B00C72F45 /* PBXTargetDependency */ = {
			isa = PBXTargetDependency;
			target = 2E5225B527516E6B00C72F45 /* EssentialFeediOS */;
			targetProxy = 2E5225BF27516E6B00C72F45 /* PBXContainerItemProxy */;
		};
		2E5225D12751762C00C72F45 /* PBXTargetDependency */ = {
			isa = PBXTargetDependency;
			target = 2EE339C1273BA70700B2C75E /* EssentialFeed */;
			targetProxy = 2E5225D02751762C00C72F45 /* PBXContainerItemProxy */;
		};
		2ECEFC7B274DC2A000A2EFA4 /* PBXTargetDependency */ = {
			isa = PBXTargetDependency;
			target = 2EE339C1273BA70700B2C75E /* EssentialFeed */;
			targetProxy = 2ECEFC7A274DC2A000A2EFA4 /* PBXContainerItemProxy */;
		};
		2EE339CD273BA70700B2C75E /* PBXTargetDependency */ = {
			isa = PBXTargetDependency;
			target = 2EE339C1273BA70700B2C75E /* EssentialFeed */;
			targetProxy = 2EE339CC273BA70700B2C75E /* PBXContainerItemProxy */;
		};
		2EE339FA273BA80A00B2C75E /* PBXTargetDependency */ = {
			isa = PBXTargetDependency;
			target = 2EE339C1273BA70700B2C75E /* EssentialFeed */;
			targetProxy = 2EE339F9273BA80A00B2C75E /* PBXContainerItemProxy */;
		};
/* End PBXTargetDependency section */

/* Begin PBXVariantGroup section */
		2E52261827574F5C00C72F45 /* Feed.strings */ = {
			isa = PBXVariantGroup;
			children = (
				2E52261727574F5C00C72F45 /* en */,
			);
			name = Feed.strings;
			sourceTree = "<group>";
		};
/* End PBXVariantGroup section */

/* Begin XCBuildConfiguration section */
		2E5225C627516E6B00C72F45 /* Debug */ = {
			isa = XCBuildConfiguration;
			buildSettings = {
				CLANG_ENABLE_MODULES = YES;
				CODE_SIGN_STYLE = Automatic;
				CURRENT_PROJECT_VERSION = 1;
				DEFINES_MODULE = YES;
				DYLIB_COMPATIBILITY_VERSION = 1;
				DYLIB_CURRENT_VERSION = 1;
				DYLIB_INSTALL_NAME_BASE = "@rpath";
				GENERATE_INFOPLIST_FILE = YES;
				INFOPLIST_KEY_NSHumanReadableCopyright = "";
				INSTALL_PATH = "$(LOCAL_LIBRARY_DIR)/Frameworks";
				IPHONEOS_DEPLOYMENT_TARGET = 15.0;
				LD_RUNPATH_SEARCH_PATHS = (
					"$(inherited)",
					"@executable_path/Frameworks",
					"@loader_path/Frameworks",
				);
				MARKETING_VERSION = 1.0;
				PRODUCT_BUNDLE_IDENTIFIER = com.aanguiano.EssentialFeediOS;
				PRODUCT_NAME = "$(TARGET_NAME:c99extidentifier)";
				SDKROOT = iphoneos;
				SKIP_INSTALL = YES;
				SWIFT_EMIT_LOC_STRINGS = YES;
				SWIFT_OPTIMIZATION_LEVEL = "-Onone";
				SWIFT_VERSION = 5.0;
				TARGETED_DEVICE_FAMILY = "1,2";
			};
			name = Debug;
		};
		2E5225C727516E6B00C72F45 /* Release */ = {
			isa = XCBuildConfiguration;
			buildSettings = {
				CLANG_ENABLE_MODULES = YES;
				CODE_SIGN_STYLE = Automatic;
				CURRENT_PROJECT_VERSION = 1;
				DEFINES_MODULE = YES;
				DYLIB_COMPATIBILITY_VERSION = 1;
				DYLIB_CURRENT_VERSION = 1;
				DYLIB_INSTALL_NAME_BASE = "@rpath";
				GENERATE_INFOPLIST_FILE = YES;
				INFOPLIST_KEY_NSHumanReadableCopyright = "";
				INSTALL_PATH = "$(LOCAL_LIBRARY_DIR)/Frameworks";
				IPHONEOS_DEPLOYMENT_TARGET = 15.0;
				LD_RUNPATH_SEARCH_PATHS = (
					"$(inherited)",
					"@executable_path/Frameworks",
					"@loader_path/Frameworks",
				);
				MARKETING_VERSION = 1.0;
				PRODUCT_BUNDLE_IDENTIFIER = com.aanguiano.EssentialFeediOS;
				PRODUCT_NAME = "$(TARGET_NAME:c99extidentifier)";
				SDKROOT = iphoneos;
				SKIP_INSTALL = YES;
				SWIFT_EMIT_LOC_STRINGS = YES;
				SWIFT_VERSION = 5.0;
				TARGETED_DEVICE_FAMILY = "1,2";
				VALIDATE_PRODUCT = YES;
			};
			name = Release;
		};
		2E5225C927516E6B00C72F45 /* Debug */ = {
			isa = XCBuildConfiguration;
			buildSettings = {
				ALWAYS_EMBED_SWIFT_STANDARD_LIBRARIES = YES;
				CLANG_ENABLE_MODULES = YES;
				CODE_SIGN_STYLE = Automatic;
				CURRENT_PROJECT_VERSION = 1;
				GENERATE_INFOPLIST_FILE = YES;
				IPHONEOS_DEPLOYMENT_TARGET = 15.0;
				LD_RUNPATH_SEARCH_PATHS = (
					"$(inherited)",
					"@executable_path/Frameworks",
					"@loader_path/Frameworks",
				);
				MARKETING_VERSION = 1.0;
				PRODUCT_BUNDLE_IDENTIFIER = com.aanguiano.EssentialFeediOSTests;
				PRODUCT_NAME = "$(TARGET_NAME)";
				SDKROOT = iphoneos;
				SWIFT_EMIT_LOC_STRINGS = NO;
				SWIFT_OPTIMIZATION_LEVEL = "-Onone";
				SWIFT_VERSION = 5.0;
				TARGETED_DEVICE_FAMILY = "1,2";
			};
			name = Debug;
		};
		2E5225CA27516E6B00C72F45 /* Release */ = {
			isa = XCBuildConfiguration;
			buildSettings = {
				ALWAYS_EMBED_SWIFT_STANDARD_LIBRARIES = YES;
				CLANG_ENABLE_MODULES = YES;
				CODE_SIGN_STYLE = Automatic;
				CURRENT_PROJECT_VERSION = 1;
				GENERATE_INFOPLIST_FILE = YES;
				IPHONEOS_DEPLOYMENT_TARGET = 15.0;
				LD_RUNPATH_SEARCH_PATHS = (
					"$(inherited)",
					"@executable_path/Frameworks",
					"@loader_path/Frameworks",
				);
				MARKETING_VERSION = 1.0;
				PRODUCT_BUNDLE_IDENTIFIER = com.aanguiano.EssentialFeediOSTests;
				PRODUCT_NAME = "$(TARGET_NAME)";
				SDKROOT = iphoneos;
				SWIFT_EMIT_LOC_STRINGS = NO;
				SWIFT_VERSION = 5.0;
				TARGETED_DEVICE_FAMILY = "1,2";
				VALIDATE_PRODUCT = YES;
			};
			name = Release;
		};
		2ECEFC7D274DC2A000A2EFA4 /* Debug */ = {
			isa = XCBuildConfiguration;
			buildSettings = {
				CODE_SIGN_STYLE = Automatic;
				COMBINE_HIDPI_IMAGES = YES;
				CURRENT_PROJECT_VERSION = 1;
				GENERATE_INFOPLIST_FILE = YES;
				LD_RUNPATH_SEARCH_PATHS = (
					"$(inherited)",
					"@executable_path/../Frameworks",
					"@loader_path/../Frameworks",
				);
				MARKETING_VERSION = 1.0;
				PRODUCT_BUNDLE_IDENTIFIER = com.aanguiano.EssentialFeedCacheIntegrationTests;
				PRODUCT_NAME = "$(TARGET_NAME)";
				SUPPORTED_PLATFORMS = "macosx iphonesimulator iphoneos";
				SWIFT_EMIT_LOC_STRINGS = NO;
				SWIFT_VERSION = 5.0;
			};
			name = Debug;
		};
		2ECEFC7E274DC2A000A2EFA4 /* Release */ = {
			isa = XCBuildConfiguration;
			buildSettings = {
				CODE_SIGN_STYLE = Automatic;
				COMBINE_HIDPI_IMAGES = YES;
				CURRENT_PROJECT_VERSION = 1;
				GENERATE_INFOPLIST_FILE = YES;
				LD_RUNPATH_SEARCH_PATHS = (
					"$(inherited)",
					"@executable_path/../Frameworks",
					"@loader_path/../Frameworks",
				);
				MARKETING_VERSION = 1.0;
				PRODUCT_BUNDLE_IDENTIFIER = com.aanguiano.EssentialFeedCacheIntegrationTests;
				PRODUCT_NAME = "$(TARGET_NAME)";
				SUPPORTED_PLATFORMS = "macosx iphonesimulator iphoneos";
				SWIFT_EMIT_LOC_STRINGS = NO;
				SWIFT_VERSION = 5.0;
			};
			name = Release;
		};
		2EE339D2273BA70700B2C75E /* Debug */ = {
			isa = XCBuildConfiguration;
			buildSettings = {
				ALWAYS_SEARCH_USER_PATHS = NO;
				CLANG_ANALYZER_NONNULL = YES;
				CLANG_ANALYZER_NUMBER_OBJECT_CONVERSION = YES_AGGRESSIVE;
				CLANG_CXX_LANGUAGE_STANDARD = "gnu++17";
				CLANG_CXX_LIBRARY = "libc++";
				CLANG_ENABLE_MODULES = YES;
				CLANG_ENABLE_OBJC_ARC = YES;
				CLANG_ENABLE_OBJC_WEAK = YES;
				CLANG_WARN_BLOCK_CAPTURE_AUTORELEASING = YES;
				CLANG_WARN_BOOL_CONVERSION = YES;
				CLANG_WARN_COMMA = YES;
				CLANG_WARN_CONSTANT_CONVERSION = YES;
				CLANG_WARN_DEPRECATED_OBJC_IMPLEMENTATIONS = YES;
				CLANG_WARN_DIRECT_OBJC_ISA_USAGE = YES_ERROR;
				CLANG_WARN_DOCUMENTATION_COMMENTS = YES;
				CLANG_WARN_EMPTY_BODY = YES;
				CLANG_WARN_ENUM_CONVERSION = YES;
				CLANG_WARN_INFINITE_RECURSION = YES;
				CLANG_WARN_INT_CONVERSION = YES;
				CLANG_WARN_NON_LITERAL_NULL_CONVERSION = YES;
				CLANG_WARN_OBJC_IMPLICIT_RETAIN_SELF = YES;
				CLANG_WARN_OBJC_LITERAL_CONVERSION = YES;
				CLANG_WARN_OBJC_ROOT_CLASS = YES_ERROR;
				CLANG_WARN_QUOTED_INCLUDE_IN_FRAMEWORK_HEADER = YES;
				CLANG_WARN_RANGE_LOOP_ANALYSIS = YES;
				CLANG_WARN_STRICT_PROTOTYPES = YES;
				CLANG_WARN_SUSPICIOUS_MOVE = YES;
				CLANG_WARN_UNGUARDED_AVAILABILITY = YES_AGGRESSIVE;
				CLANG_WARN_UNREACHABLE_CODE = YES;
				CLANG_WARN__DUPLICATE_METHOD_MATCH = YES;
				COPY_PHASE_STRIP = NO;
				CURRENT_PROJECT_VERSION = 1;
				DEBUG_INFORMATION_FORMAT = dwarf;
				ENABLE_STRICT_OBJC_MSGSEND = YES;
				ENABLE_TESTABILITY = YES;
				GCC_C_LANGUAGE_STANDARD = gnu11;
				GCC_DYNAMIC_NO_PIC = NO;
				GCC_NO_COMMON_BLOCKS = YES;
				GCC_OPTIMIZATION_LEVEL = 0;
				GCC_PREPROCESSOR_DEFINITIONS = (
					"DEBUG=1",
					"$(inherited)",
				);
				GCC_WARN_64_TO_32_BIT_CONVERSION = YES;
				GCC_WARN_ABOUT_RETURN_TYPE = YES_ERROR;
				GCC_WARN_UNDECLARED_SELECTOR = YES;
				GCC_WARN_UNINITIALIZED_AUTOS = YES_AGGRESSIVE;
				GCC_WARN_UNUSED_FUNCTION = YES;
				GCC_WARN_UNUSED_VARIABLE = YES;
				MACOSX_DEPLOYMENT_TARGET = 11.3;
				MTL_ENABLE_DEBUG_INFO = INCLUDE_SOURCE;
				MTL_FAST_MATH = YES;
				ONLY_ACTIVE_ARCH = YES;
				SDKROOT = macosx;
				SWIFT_ACTIVE_COMPILATION_CONDITIONS = DEBUG;
				SWIFT_OPTIMIZATION_LEVEL = "-Onone";
				VERSIONING_SYSTEM = "apple-generic";
				VERSION_INFO_PREFIX = "";
			};
			name = Debug;
		};
		2EE339D3273BA70700B2C75E /* Release */ = {
			isa = XCBuildConfiguration;
			buildSettings = {
				ALWAYS_SEARCH_USER_PATHS = NO;
				CLANG_ANALYZER_NONNULL = YES;
				CLANG_ANALYZER_NUMBER_OBJECT_CONVERSION = YES_AGGRESSIVE;
				CLANG_CXX_LANGUAGE_STANDARD = "gnu++17";
				CLANG_CXX_LIBRARY = "libc++";
				CLANG_ENABLE_MODULES = YES;
				CLANG_ENABLE_OBJC_ARC = YES;
				CLANG_ENABLE_OBJC_WEAK = YES;
				CLANG_WARN_BLOCK_CAPTURE_AUTORELEASING = YES;
				CLANG_WARN_BOOL_CONVERSION = YES;
				CLANG_WARN_COMMA = YES;
				CLANG_WARN_CONSTANT_CONVERSION = YES;
				CLANG_WARN_DEPRECATED_OBJC_IMPLEMENTATIONS = YES;
				CLANG_WARN_DIRECT_OBJC_ISA_USAGE = YES_ERROR;
				CLANG_WARN_DOCUMENTATION_COMMENTS = YES;
				CLANG_WARN_EMPTY_BODY = YES;
				CLANG_WARN_ENUM_CONVERSION = YES;
				CLANG_WARN_INFINITE_RECURSION = YES;
				CLANG_WARN_INT_CONVERSION = YES;
				CLANG_WARN_NON_LITERAL_NULL_CONVERSION = YES;
				CLANG_WARN_OBJC_IMPLICIT_RETAIN_SELF = YES;
				CLANG_WARN_OBJC_LITERAL_CONVERSION = YES;
				CLANG_WARN_OBJC_ROOT_CLASS = YES_ERROR;
				CLANG_WARN_QUOTED_INCLUDE_IN_FRAMEWORK_HEADER = YES;
				CLANG_WARN_RANGE_LOOP_ANALYSIS = YES;
				CLANG_WARN_STRICT_PROTOTYPES = YES;
				CLANG_WARN_SUSPICIOUS_MOVE = YES;
				CLANG_WARN_UNGUARDED_AVAILABILITY = YES_AGGRESSIVE;
				CLANG_WARN_UNREACHABLE_CODE = YES;
				CLANG_WARN__DUPLICATE_METHOD_MATCH = YES;
				COPY_PHASE_STRIP = NO;
				CURRENT_PROJECT_VERSION = 1;
				DEBUG_INFORMATION_FORMAT = "dwarf-with-dsym";
				ENABLE_NS_ASSERTIONS = NO;
				ENABLE_STRICT_OBJC_MSGSEND = YES;
				GCC_C_LANGUAGE_STANDARD = gnu11;
				GCC_NO_COMMON_BLOCKS = YES;
				GCC_WARN_64_TO_32_BIT_CONVERSION = YES;
				GCC_WARN_ABOUT_RETURN_TYPE = YES_ERROR;
				GCC_WARN_UNDECLARED_SELECTOR = YES;
				GCC_WARN_UNINITIALIZED_AUTOS = YES_AGGRESSIVE;
				GCC_WARN_UNUSED_FUNCTION = YES;
				GCC_WARN_UNUSED_VARIABLE = YES;
				MACOSX_DEPLOYMENT_TARGET = 11.3;
				MTL_ENABLE_DEBUG_INFO = NO;
				MTL_FAST_MATH = YES;
				SDKROOT = macosx;
				SWIFT_COMPILATION_MODE = wholemodule;
				SWIFT_OPTIMIZATION_LEVEL = "-O";
				VERSIONING_SYSTEM = "apple-generic";
				VERSION_INFO_PREFIX = "";
			};
			name = Release;
		};
		2EE339D5273BA70700B2C75E /* Debug */ = {
			isa = XCBuildConfiguration;
			buildSettings = {
				CODE_SIGN_STYLE = Automatic;
				COMBINE_HIDPI_IMAGES = YES;
				CURRENT_PROJECT_VERSION = 1;
				DEFINES_MODULE = YES;
				DYLIB_COMPATIBILITY_VERSION = 1;
				DYLIB_CURRENT_VERSION = 1;
				DYLIB_INSTALL_NAME_BASE = "@rpath";
				GENERATE_INFOPLIST_FILE = YES;
				INFOPLIST_KEY_NSHumanReadableCopyright = "";
				INSTALL_PATH = "$(LOCAL_LIBRARY_DIR)/Frameworks";
				LD_RUNPATH_SEARCH_PATHS = (
					"$(inherited)",
					"@executable_path/../Frameworks",
					"@loader_path/Frameworks",
				);
				MARKETING_VERSION = 1.0;
				PRODUCT_BUNDLE_IDENTIFIER = com.aanguiano.EssentialFeed;
				PRODUCT_NAME = "$(TARGET_NAME:c99extidentifier)";
				SKIP_INSTALL = YES;
				SUPPORTED_PLATFORMS = "macosx iphonesimulator iphoneos";
				SWIFT_EMIT_LOC_STRINGS = YES;
				SWIFT_VERSION = 5.0;
			};
			name = Debug;
		};
		2EE339D6273BA70700B2C75E /* Release */ = {
			isa = XCBuildConfiguration;
			buildSettings = {
				CODE_SIGN_STYLE = Automatic;
				COMBINE_HIDPI_IMAGES = YES;
				CURRENT_PROJECT_VERSION = 1;
				DEFINES_MODULE = YES;
				DYLIB_COMPATIBILITY_VERSION = 1;
				DYLIB_CURRENT_VERSION = 1;
				DYLIB_INSTALL_NAME_BASE = "@rpath";
				GENERATE_INFOPLIST_FILE = YES;
				INFOPLIST_KEY_NSHumanReadableCopyright = "";
				INSTALL_PATH = "$(LOCAL_LIBRARY_DIR)/Frameworks";
				LD_RUNPATH_SEARCH_PATHS = (
					"$(inherited)",
					"@executable_path/../Frameworks",
					"@loader_path/Frameworks",
				);
				MARKETING_VERSION = 1.0;
				PRODUCT_BUNDLE_IDENTIFIER = com.aanguiano.EssentialFeed;
				PRODUCT_NAME = "$(TARGET_NAME:c99extidentifier)";
				SKIP_INSTALL = YES;
				SUPPORTED_PLATFORMS = "macosx iphonesimulator iphoneos";
				SWIFT_EMIT_LOC_STRINGS = YES;
				SWIFT_VERSION = 5.0;
			};
			name = Release;
		};
		2EE339D8273BA70700B2C75E /* Debug */ = {
			isa = XCBuildConfiguration;
			buildSettings = {
				ALWAYS_EMBED_SWIFT_STANDARD_LIBRARIES = YES;
				CLANG_ENABLE_MODULES = YES;
				CODE_SIGN_STYLE = Automatic;
				COMBINE_HIDPI_IMAGES = YES;
				CURRENT_PROJECT_VERSION = 1;
				GENERATE_INFOPLIST_FILE = YES;
				LD_RUNPATH_SEARCH_PATHS = (
					"$(inherited)",
					"@executable_path/../Frameworks",
					"@loader_path/../Frameworks",
				);
				MARKETING_VERSION = 1.0;
				PRODUCT_BUNDLE_IDENTIFIER = com.aanguiano.EssentialFeedTests;
				PRODUCT_NAME = "$(TARGET_NAME)";
				SUPPORTED_PLATFORMS = "macosx iphonesimulator iphoneos";
				SWIFT_EMIT_LOC_STRINGS = NO;
				SWIFT_OPTIMIZATION_LEVEL = "-Onone";
				SWIFT_VERSION = 5.0;
			};
			name = Debug;
		};
		2EE339D9273BA70700B2C75E /* Release */ = {
			isa = XCBuildConfiguration;
			buildSettings = {
				ALWAYS_EMBED_SWIFT_STANDARD_LIBRARIES = YES;
				CLANG_ENABLE_MODULES = YES;
				CODE_SIGN_STYLE = Automatic;
				COMBINE_HIDPI_IMAGES = YES;
				CURRENT_PROJECT_VERSION = 1;
				GENERATE_INFOPLIST_FILE = YES;
				LD_RUNPATH_SEARCH_PATHS = (
					"$(inherited)",
					"@executable_path/../Frameworks",
					"@loader_path/../Frameworks",
				);
				MARKETING_VERSION = 1.0;
				PRODUCT_BUNDLE_IDENTIFIER = com.aanguiano.EssentialFeedTests;
				PRODUCT_NAME = "$(TARGET_NAME)";
				SUPPORTED_PLATFORMS = "macosx iphonesimulator iphoneos";
				SWIFT_EMIT_LOC_STRINGS = NO;
				SWIFT_VERSION = 5.0;
			};
			name = Release;
		};
		2EE339FC273BA80A00B2C75E /* Debug */ = {
			isa = XCBuildConfiguration;
			buildSettings = {
				CLANG_ENABLE_MODULES = YES;
				CODE_SIGN_STYLE = Automatic;
				COMBINE_HIDPI_IMAGES = YES;
				CURRENT_PROJECT_VERSION = 1;
				GENERATE_INFOPLIST_FILE = YES;
				LD_RUNPATH_SEARCH_PATHS = (
					"$(inherited)",
					"@executable_path/../Frameworks",
					"@loader_path/../Frameworks",
				);
				MARKETING_VERSION = 1.0;
				PRODUCT_BUNDLE_IDENTIFIER = com.aanguiano.EssentialFeedEndToEndTests;
				PRODUCT_NAME = "$(TARGET_NAME)";
				SUPPORTED_PLATFORMS = "macosx iphonesimulator iphoneos";
				SWIFT_EMIT_LOC_STRINGS = NO;
				SWIFT_OPTIMIZATION_LEVEL = "-Onone";
				SWIFT_VERSION = 5.0;
			};
			name = Debug;
		};
		2EE339FD273BA80A00B2C75E /* Release */ = {
			isa = XCBuildConfiguration;
			buildSettings = {
				CLANG_ENABLE_MODULES = YES;
				CODE_SIGN_STYLE = Automatic;
				COMBINE_HIDPI_IMAGES = YES;
				CURRENT_PROJECT_VERSION = 1;
				GENERATE_INFOPLIST_FILE = YES;
				LD_RUNPATH_SEARCH_PATHS = (
					"$(inherited)",
					"@executable_path/../Frameworks",
					"@loader_path/../Frameworks",
				);
				MARKETING_VERSION = 1.0;
				PRODUCT_BUNDLE_IDENTIFIER = com.aanguiano.EssentialFeedEndToEndTests;
				PRODUCT_NAME = "$(TARGET_NAME)";
				SUPPORTED_PLATFORMS = "macosx iphonesimulator iphoneos";
				SWIFT_EMIT_LOC_STRINGS = NO;
				SWIFT_VERSION = 5.0;
			};
			name = Release;
		};
/* End XCBuildConfiguration section */

/* Begin XCConfigurationList section */
		2E5225C527516E6B00C72F45 /* Build configuration list for PBXNativeTarget "EssentialFeediOS" */ = {
			isa = XCConfigurationList;
			buildConfigurations = (
				2E5225C627516E6B00C72F45 /* Debug */,
				2E5225C727516E6B00C72F45 /* Release */,
			);
			defaultConfigurationIsVisible = 0;
			defaultConfigurationName = Release;
		};
		2E5225C827516E6B00C72F45 /* Build configuration list for PBXNativeTarget "EssentialFeediOSTests" */ = {
			isa = XCConfigurationList;
			buildConfigurations = (
				2E5225C927516E6B00C72F45 /* Debug */,
				2E5225CA27516E6B00C72F45 /* Release */,
			);
			defaultConfigurationIsVisible = 0;
			defaultConfigurationName = Release;
		};
		2ECEFC7C274DC2A000A2EFA4 /* Build configuration list for PBXNativeTarget "EssentialFeedCacheIntegrationTests" */ = {
			isa = XCConfigurationList;
			buildConfigurations = (
				2ECEFC7D274DC2A000A2EFA4 /* Debug */,
				2ECEFC7E274DC2A000A2EFA4 /* Release */,
			);
			defaultConfigurationIsVisible = 0;
			defaultConfigurationName = Release;
		};
		2EE339BC273BA70700B2C75E /* Build configuration list for PBXProject "EssentialFeed" */ = {
			isa = XCConfigurationList;
			buildConfigurations = (
				2EE339D2273BA70700B2C75E /* Debug */,
				2EE339D3273BA70700B2C75E /* Release */,
			);
			defaultConfigurationIsVisible = 0;
			defaultConfigurationName = Release;
		};
		2EE339D4273BA70700B2C75E /* Build configuration list for PBXNativeTarget "EssentialFeed" */ = {
			isa = XCConfigurationList;
			buildConfigurations = (
				2EE339D5273BA70700B2C75E /* Debug */,
				2EE339D6273BA70700B2C75E /* Release */,
			);
			defaultConfigurationIsVisible = 0;
			defaultConfigurationName = Release;
		};
		2EE339D7273BA70700B2C75E /* Build configuration list for PBXNativeTarget "EssentialFeedTests" */ = {
			isa = XCConfigurationList;
			buildConfigurations = (
				2EE339D8273BA70700B2C75E /* Debug */,
				2EE339D9273BA70700B2C75E /* Release */,
			);
			defaultConfigurationIsVisible = 0;
			defaultConfigurationName = Release;
		};
		2EE339FB273BA80A00B2C75E /* Build configuration list for PBXNativeTarget "EssentialFeedEndToEndTests" */ = {
			isa = XCConfigurationList;
			buildConfigurations = (
				2EE339FC273BA80A00B2C75E /* Debug */,
				2EE339FD273BA80A00B2C75E /* Release */,
			);
			defaultConfigurationIsVisible = 0;
			defaultConfigurationName = Release;
		};
/* End XCConfigurationList section */

/* Begin XCVersionGroup section */
		2ECEFC65274CF3AD00A2EFA4 /* FeedStore.xcdatamodeld */ = {
			isa = XCVersionGroup;
			children = (
				2ECEFC66274CF3AD00A2EFA4 /* FeedStore.xcdatamodel */,
			);
			currentVersion = 2ECEFC66274CF3AD00A2EFA4 /* FeedStore.xcdatamodel */;
			path = FeedStore.xcdatamodeld;
			sourceTree = "<group>";
			versionGroupType = wrapper.xcdatamodel;
		};
/* End XCVersionGroup section */
	};
	rootObject = 2EE339B9273BA70700B2C75E /* Project object */;
}
